// !$*UTF8*$!
{
	archiveVersion = 1;
	classes = {
	};
	objectVersion = 46;
	objects = {

/* Begin PBXBuildFile section */
		021D7EFE19E69ED300555E0B /* FavoriteFriendsViewController.swift in Sources */ = {isa = PBXBuildFile; fileRef = 021D7EFD19E69ED300555E0B /* FavoriteFriendsViewController.swift */; };
		021D7F0619E6CF9C00555E0B /* PhoneController.swift in Sources */ = {isa = PBXBuildFile; fileRef = 021D7F0519E6CF9C00555E0B /* PhoneController.swift */; };
		021D7F0819E6D6C400555E0B /* AddressBookManager.swift in Sources */ = {isa = PBXBuildFile; fileRef = 021D7F0719E6D6C400555E0B /* AddressBookManager.swift */; };
		0237179919DD05E700A44A2B /* SyncContactsViewController.swift in Sources */ = {isa = PBXBuildFile; fileRef = 0237179819DD05E700A44A2B /* SyncContactsViewController.swift */; };
		0237179C19DD0D2F00A44A2B /* AccessCalendarViewController.swift in Sources */ = {isa = PBXBuildFile; fileRef = 0237179B19DD0D2F00A44A2B /* AccessCalendarViewController.swift */; };
		024565AE19C34A1D006F34D3 /* SapristiTests.swift in Sources */ = {isa = PBXBuildFile; fileRef = 024565AD19C34A1D006F34D3 /* SapristiTests.swift */; };
		024D9EFF19FB1A32008F6525 /* Main.storyboard in Resources */ = {isa = PBXBuildFile; fileRef = 02B3B23719D53865006ED6EE /* Main.storyboard */; };
		0252A25819ED75AC00450126 /* Availability.swift in Sources */ = {isa = PBXBuildFile; fileRef = 0252A25719ED75AC00450126 /* Availability.swift */; };
		0255DFC419FADD3E008C80BB /* Alamofire.swift in Sources */ = {isa = PBXBuildFile; fileRef = 0255DFC319FADD3E008C80BB /* Alamofire.swift */; };
		0255DFD119FADD7E008C80BB /* APAddress.m in Sources */ = {isa = PBXBuildFile; fileRef = 0255DFC619FADD7E008C80BB /* APAddress.m */; };
		0255DFD219FADD7E008C80BB /* APAddressBook.m in Sources */ = {isa = PBXBuildFile; fileRef = 0255DFC819FADD7E008C80BB /* APAddressBook.m */; };
		0255DFD319FADD7E008C80BB /* APContact.m in Sources */ = {isa = PBXBuildFile; fileRef = 0255DFCA19FADD7E008C80BB /* APContact.m */; };
		0255DFD419FADD7E008C80BB /* APPhoneWithLabel.m in Sources */ = {isa = PBXBuildFile; fileRef = 0255DFCC19FADD7E008C80BB /* APPhoneWithLabel.m */; };
		0255DFD519FADD7E008C80BB /* APSocialProfile.m in Sources */ = {isa = PBXBuildFile; fileRef = 0255DFCE19FADD7E008C80BB /* APSocialProfile.m */; };
		025EF8C219C6A188008D30C6 /* Media.xcassets in Resources */ = {isa = PBXBuildFile; fileRef = 025EF8C119C6A188008D30C6 /* Media.xcassets */; };
		02B3B22619D53855006ED6EE /* LaunchScreen.storyboard in Resources */ = {isa = PBXBuildFile; fileRef = 02B3B22519D53855006ED6EE /* LaunchScreen.storyboard */; };
		02B3B24119D53865006ED6EE /* AccessContactsViewController.swift in Sources */ = {isa = PBXBuildFile; fileRef = 02B3B22719D53865006ED6EE /* AccessContactsViewController.swift */; };
		02B3B24619D53865006ED6EE /* AllFriendsViewController.swift in Sources */ = {isa = PBXBuildFile; fileRef = 02B3B23219D53865006ED6EE /* AllFriendsViewController.swift */; };
		02B3B24719D53865006ED6EE /* AppDelegate.swift in Sources */ = {isa = PBXBuildFile; fileRef = 02B3B23319D53865006ED6EE /* AppDelegate.swift */; };
		02B3B24A19D53865006ED6EE /* CarManager.swift in Sources */ = {isa = PBXBuildFile; fileRef = 02B3B23919D53865006ED6EE /* CarManager.swift */; };
		02B3B24B19D53865006ED6EE /* ConfirmationCodeViewController.swift in Sources */ = {isa = PBXBuildFile; fileRef = 02B3B23A19D53865006ED6EE /* ConfirmationCodeViewController.swift */; };
		02B3B24C19D53865006ED6EE /* Contact.swift in Sources */ = {isa = PBXBuildFile; fileRef = 02B3B23B19D53865006ED6EE /* Contact.swift */; };
		02B3B24E19D53865006ED6EE /* FriendDetailViewController.swift in Sources */ = {isa = PBXBuildFile; fileRef = 02B3B23D19D53865006ED6EE /* FriendDetailViewController.swift */; };
		02B3B24F19D53865006ED6EE /* FriendLocalDatabase.swift in Sources */ = {isa = PBXBuildFile; fileRef = 02B3B23E19D53865006ED6EE /* FriendLocalDatabase.swift */; };
		02B3B25019D53865006ED6EE /* FriendsCell.swift in Sources */ = {isa = PBXBuildFile; fileRef = 02B3B23F19D53865006ED6EE /* FriendsCell.swift */; };
		02B3B25119D53865006ED6EE /* HTTPController.swift in Sources */ = {isa = PBXBuildFile; fileRef = 02B3B24019D53865006ED6EE /* HTTPController.swift */; };
		02B3B26A19D53880006ED6EE /* InitialViewController.swift in Sources */ = {isa = PBXBuildFile; fileRef = 02B3B25919D53880006ED6EE /* InitialViewController.swift */; };
		02B3B26B19D53880006ED6EE /* InviteFriendsViewController.swift in Sources */ = {isa = PBXBuildFile; fileRef = 02B3B25A19D53880006ED6EE /* InviteFriendsViewController.swift */; };
		02B3B26C19D53880006ED6EE /* InviteTableViewCell.swift in Sources */ = {isa = PBXBuildFile; fileRef = 02B3B25B19D53880006ED6EE /* InviteTableViewCell.swift */; };
		02B3B26D19D53880006ED6EE /* MobileNumberViewController.swift in Sources */ = {isa = PBXBuildFile; fileRef = 02B3B25C19D53880006ED6EE /* MobileNumberViewController.swift */; };
		02B3B26E19D53880006ED6EE /* SapristiModel.xcdatamodeld in Sources */ = {isa = PBXBuildFile; fileRef = 02B3B25E19D53880006ED6EE /* SapristiModel.xcdatamodeld */; };
		02B3B26F19D53880006ED6EE /* SettingsViewController.swift in Sources */ = {isa = PBXBuildFile; fileRef = 02B3B26119D53880006ED6EE /* SettingsViewController.swift */; };
		02B3B27219D53880006ED6EE /* StringJS.swift in Sources */ = {isa = PBXBuildFile; fileRef = 02B3B26719D53880006ED6EE /* StringJS.swift */; };
		02B3B27319D53880006ED6EE /* SwiftyJSON.swift in Sources */ = {isa = PBXBuildFile; fileRef = 02B3B26819D53880006ED6EE /* SwiftyJSON.swift */; };
		02B4EA1219F769990048A2B6 /* FriendModel.swift in Sources */ = {isa = PBXBuildFile; fileRef = 02B4EA1119F769990048A2B6 /* FriendModel.swift */; };
		02B4EA1419F85A510048A2B6 /* AvailabilityManager.swift in Sources */ = {isa = PBXBuildFile; fileRef = 02B4EA1319F85A510048A2B6 /* AvailabilityManager.swift */; };
		02B4EA1719F88DF60048A2B6 /* NotificationViewController.swift in Sources */ = {isa = PBXBuildFile; fileRef = 02B4EA1619F88DF60048A2B6 /* NotificationViewController.swift */; };
		02BF762719D664FC007E6A04 /* DatePickerCell.swift in Sources */ = {isa = PBXBuildFile; fileRef = 02BF762619D664FC007E6A04 /* DatePickerCell.swift */; };
		02BF762919D918FC007E6A04 /* DateSettingsViewController.swift in Sources */ = {isa = PBXBuildFile; fileRef = 02BF762819D918FC007E6A04 /* DateSettingsViewController.swift */; };
		02BF762B19DB07AC007E6A04 /* CalendarManager.swift in Sources */ = {isa = PBXBuildFile; fileRef = 02BF762A19DB07AC007E6A04 /* CalendarManager.swift */; };
		02CFCB5E19E5128900EDA122 /* ConfigManager.swift in Sources */ = {isa = PBXBuildFile; fileRef = 02CFCB5D19E5128900EDA122 /* ConfigManager.swift */; };
		02CFCB6019E5174000EDA122 /* CarMotionViewController.swift in Sources */ = {isa = PBXBuildFile; fileRef = 02CFCB5F19E5174000EDA122 /* CarMotionViewController.swift */; };
		02D048B019E9A1630040720F /* SKMotionDetector.swift in Sources */ = {isa = PBXBuildFile; fileRef = 02D048AF19E9A1630040720F /* SKMotionDetector.swift */; };
		02D496F919FE009200E0B938 /* Timeslot.swift in Sources */ = {isa = PBXBuildFile; fileRef = 02D496F819FE009200E0B938 /* Timeslot.swift */; };
		02D496FB19FF561000E0B938 /* SplunkMint-iOS.framework in Frameworks */ = {isa = PBXBuildFile; fileRef = 02D496FA19FF561000E0B938 /* SplunkMint-iOS.framework */; };
		02D496FD19FF563000E0B938 /* SystemConfiguration.framework in Frameworks */ = {isa = PBXBuildFile; fileRef = 02D496FC19FF563000E0B938 /* SystemConfiguration.framework */; };
		02D496FF19FF563900E0B938 /* CoreTelephony.framework in Frameworks */ = {isa = PBXBuildFile; fileRef = 02D496FE19FF563900E0B938 /* CoreTelephony.framework */; };
		02D4970119FF564000E0B938 /* libz.dylib in Frameworks */ = {isa = PBXBuildFile; fileRef = 02D4970019FF564000E0B938 /* libz.dylib */; };
/* End PBXBuildFile section */

/* Begin PBXContainerItemProxy section */
		024565A819C34A1D006F34D3 /* PBXContainerItemProxy */ = {
			isa = PBXContainerItemProxy;
			containerPortal = 0245658B19C34A1D006F34D3 /* Project object */;
			proxyType = 1;
			remoteGlobalIDString = 0245659219C34A1D006F34D3;
			remoteInfo = Sapristi;
		};
/* End PBXContainerItemProxy section */

/* Begin PBXCopyFilesBuildPhase section */
		022C139919CA4A7F00A9DB55 /* Embed Frameworks */ = {
			isa = PBXCopyFilesBuildPhase;
			buildActionMask = 2147483647;
			dstPath = "";
			dstSubfolderSpec = 10;
			files = (
			);
			name = "Embed Frameworks";
			runOnlyForDeploymentPostprocessing = 0;
		};
		02B4EA0F19F5E1490048A2B6 /* Copy Frameworks */ = {
			isa = PBXCopyFilesBuildPhase;
			buildActionMask = 2147483647;
			dstPath = "";
			dstSubfolderSpec = 10;
			files = (
			);
			name = "Copy Frameworks";
			runOnlyForDeploymentPostprocessing = 0;
		};
/* End PBXCopyFilesBuildPhase section */

/* Begin PBXFileReference section */
		021D7EFD19E69ED300555E0B /* FavoriteFriendsViewController.swift */ = {isa = PBXFileReference; fileEncoding = 4; lastKnownFileType = sourcecode.swift; name = FavoriteFriendsViewController.swift; path = Sapristi/FavoriteFriendsViewController.swift; sourceTree = "<group>"; };
		021D7F0519E6CF9C00555E0B /* PhoneController.swift */ = {isa = PBXFileReference; fileEncoding = 4; lastKnownFileType = sourcecode.swift; path = PhoneController.swift; sourceTree = "<group>"; };
		021D7F0719E6D6C400555E0B /* AddressBookManager.swift */ = {isa = PBXFileReference; fileEncoding = 4; lastKnownFileType = sourcecode.swift; path = AddressBookManager.swift; sourceTree = "<group>"; };
		0237179819DD05E700A44A2B /* SyncContactsViewController.swift */ = {isa = PBXFileReference; fileEncoding = 4; lastKnownFileType = sourcecode.swift; path = SyncContactsViewController.swift; sourceTree = "<group>"; };
		0237179B19DD0D2F00A44A2B /* AccessCalendarViewController.swift */ = {isa = PBXFileReference; fileEncoding = 4; lastKnownFileType = sourcecode.swift; path = AccessCalendarViewController.swift; sourceTree = "<group>"; };
		0245659319C34A1D006F34D3 /* Sapristi.app */ = {isa = PBXFileReference; explicitFileType = wrapper.application; includeInIndex = 0; path = Sapristi.app; sourceTree = BUILT_PRODUCTS_DIR; };
		024565A719C34A1D006F34D3 /* SapristiTests.xctest */ = {isa = PBXFileReference; explicitFileType = wrapper.cfbundle; includeInIndex = 0; path = SapristiTests.xctest; sourceTree = BUILT_PRODUCTS_DIR; };
		024565AC19C34A1D006F34D3 /* Info.plist */ = {isa = PBXFileReference; lastKnownFileType = text.plist.xml; path = Info.plist; sourceTree = "<group>"; };
		024565AD19C34A1D006F34D3 /* SapristiTests.swift */ = {isa = PBXFileReference; lastKnownFileType = sourcecode.swift; path = SapristiTests.swift; sourceTree = "<group>"; };
		0252A25119EC18A100450126 /* Base */ = {isa = PBXFileReference; lastKnownFileType = text.plist.xml; name = Base; path = Info.plist; sourceTree = "<group>"; };
		0252A25719ED75AC00450126 /* Availability.swift */ = {isa = PBXFileReference; fileEncoding = 4; lastKnownFileType = sourcecode.swift; path = Availability.swift; sourceTree = "<group>"; };
		0255DFC219FADD3E008C80BB /* Alamofire.h */ = {isa = PBXFileReference; fileEncoding = 4; lastKnownFileType = sourcecode.c.h; name = Alamofire.h; path = Alamofire/Source/Alamofire.h; sourceTree = "<group>"; };
		0255DFC319FADD3E008C80BB /* Alamofire.swift */ = {isa = PBXFileReference; fileEncoding = 4; lastKnownFileType = sourcecode.swift; name = Alamofire.swift; path = Alamofire/Source/Alamofire.swift; sourceTree = "<group>"; };
		0255DFC519FADD7E008C80BB /* APAddress.h */ = {isa = PBXFileReference; fileEncoding = 4; lastKnownFileType = sourcecode.c.h; name = APAddress.h; path = Pod/Core/APAddress.h; sourceTree = "<group>"; };
		0255DFC619FADD7E008C80BB /* APAddress.m */ = {isa = PBXFileReference; fileEncoding = 4; lastKnownFileType = sourcecode.c.objc; name = APAddress.m; path = Pod/Core/APAddress.m; sourceTree = "<group>"; };
		0255DFC719FADD7E008C80BB /* APAddressBook.h */ = {isa = PBXFileReference; fileEncoding = 4; lastKnownFileType = sourcecode.c.h; name = APAddressBook.h; path = Pod/Core/APAddressBook.h; sourceTree = "<group>"; };
		0255DFC819FADD7E008C80BB /* APAddressBook.m */ = {isa = PBXFileReference; fileEncoding = 4; lastKnownFileType = sourcecode.c.objc; name = APAddressBook.m; path = Pod/Core/APAddressBook.m; sourceTree = "<group>"; };
		0255DFC919FADD7E008C80BB /* APContact.h */ = {isa = PBXFileReference; fileEncoding = 4; lastKnownFileType = sourcecode.c.h; name = APContact.h; path = Pod/Core/APContact.h; sourceTree = "<group>"; };
		0255DFCA19FADD7E008C80BB /* APContact.m */ = {isa = PBXFileReference; fileEncoding = 4; lastKnownFileType = sourcecode.c.objc; name = APContact.m; path = Pod/Core/APContact.m; sourceTree = "<group>"; };
		0255DFCB19FADD7E008C80BB /* APPhoneWithLabel.h */ = {isa = PBXFileReference; fileEncoding = 4; lastKnownFileType = sourcecode.c.h; name = APPhoneWithLabel.h; path = Pod/Core/APPhoneWithLabel.h; sourceTree = "<group>"; };
		0255DFCC19FADD7E008C80BB /* APPhoneWithLabel.m */ = {isa = PBXFileReference; fileEncoding = 4; lastKnownFileType = sourcecode.c.objc; name = APPhoneWithLabel.m; path = Pod/Core/APPhoneWithLabel.m; sourceTree = "<group>"; };
		0255DFCD19FADD7E008C80BB /* APSocialProfile.h */ = {isa = PBXFileReference; fileEncoding = 4; lastKnownFileType = sourcecode.c.h; name = APSocialProfile.h; path = Pod/Core/APSocialProfile.h; sourceTree = "<group>"; };
		0255DFCE19FADD7E008C80BB /* APSocialProfile.m */ = {isa = PBXFileReference; fileEncoding = 4; lastKnownFileType = sourcecode.c.objc; name = APSocialProfile.m; path = Pod/Core/APSocialProfile.m; sourceTree = "<group>"; };
		0255DFCF19FADD7E008C80BB /* APTypes.h */ = {isa = PBXFileReference; fileEncoding = 4; lastKnownFileType = sourcecode.c.h; name = APTypes.h; path = Pod/Core/APTypes.h; sourceTree = "<group>"; };
		0255DFD619FADD99008C80BB /* APAddressBook-Bridging.h */ = {isa = PBXFileReference; lastKnownFileType = sourcecode.c.h; name = "APAddressBook-Bridging.h"; path = "Pod/Swift/APAddressBook-Bridging.h"; sourceTree = "<group>"; };
		025EF8C119C6A188008D30C6 /* Media.xcassets */ = {isa = PBXFileReference; lastKnownFileType = folder.assetcatalog; path = Media.xcassets; sourceTree = "<group>"; };
		02B3B22519D53855006ED6EE /* LaunchScreen.storyboard */ = {isa = PBXFileReference; fileEncoding = 4; lastKnownFileType = file.storyboard; name = LaunchScreen.storyboard; path = ../../LaunchScreen.storyboard; sourceTree = "<group>"; };
		02B3B22719D53865006ED6EE /* AccessContactsViewController.swift */ = {isa = PBXFileReference; fileEncoding = 4; lastKnownFileType = sourcecode.swift; name = AccessContactsViewController.swift; path = Sapristi/AccessContactsViewController.swift; sourceTree = "<group>"; };
		02B3B23219D53865006ED6EE /* AllFriendsViewController.swift */ = {isa = PBXFileReference; fileEncoding = 4; lastKnownFileType = sourcecode.swift; name = AllFriendsViewController.swift; path = Sapristi/AllFriendsViewController.swift; sourceTree = "<group>"; };
		02B3B23319D53865006ED6EE /* AppDelegate.swift */ = {isa = PBXFileReference; fileEncoding = 4; lastKnownFileType = sourcecode.swift; name = AppDelegate.swift; path = Sapristi/AppDelegate.swift; sourceTree = "<group>"; };
		02B3B23619D53865006ED6EE /* Base */ = {isa = PBXFileReference; lastKnownFileType = text.xml; name = Base; path = "#Main.storyboard#"; sourceTree = "<group>"; };
		02B3B23819D53865006ED6EE /* Base */ = {isa = PBXFileReference; lastKnownFileType = file.storyboard; name = Base; path = Main.storyboard; sourceTree = "<group>"; };
		02B3B23919D53865006ED6EE /* CarManager.swift */ = {isa = PBXFileReference; fileEncoding = 4; lastKnownFileType = sourcecode.swift; name = CarManager.swift; path = Sapristi/CarManager.swift; sourceTree = "<group>"; };
		02B3B23A19D53865006ED6EE /* ConfirmationCodeViewController.swift */ = {isa = PBXFileReference; fileEncoding = 4; lastKnownFileType = sourcecode.swift; name = ConfirmationCodeViewController.swift; path = Sapristi/ConfirmationCodeViewController.swift; sourceTree = "<group>"; };
		02B3B23B19D53865006ED6EE /* Contact.swift */ = {isa = PBXFileReference; fileEncoding = 4; lastKnownFileType = sourcecode.swift; name = Contact.swift; path = Sapristi/Contact.swift; sourceTree = "<group>"; };
		02B3B23D19D53865006ED6EE /* FriendDetailViewController.swift */ = {isa = PBXFileReference; fileEncoding = 4; lastKnownFileType = sourcecode.swift; name = FriendDetailViewController.swift; path = Sapristi/FriendDetailViewController.swift; sourceTree = "<group>"; };
		02B3B23E19D53865006ED6EE /* FriendLocalDatabase.swift */ = {isa = PBXFileReference; fileEncoding = 4; lastKnownFileType = sourcecode.swift; name = FriendLocalDatabase.swift; path = Sapristi/FriendLocalDatabase.swift; sourceTree = "<group>"; };
		02B3B23F19D53865006ED6EE /* FriendsCell.swift */ = {isa = PBXFileReference; fileEncoding = 4; lastKnownFileType = sourcecode.swift; name = FriendsCell.swift; path = Sapristi/FriendsCell.swift; sourceTree = "<group>"; };
		02B3B24019D53865006ED6EE /* HTTPController.swift */ = {isa = PBXFileReference; fileEncoding = 4; lastKnownFileType = sourcecode.swift; name = HTTPController.swift; path = Sapristi/HTTPController.swift; sourceTree = "<group>"; };
		02B3B25919D53880006ED6EE /* InitialViewController.swift */ = {isa = PBXFileReference; fileEncoding = 4; lastKnownFileType = sourcecode.swift; name = InitialViewController.swift; path = Sapristi/InitialViewController.swift; sourceTree = "<group>"; };
		02B3B25A19D53880006ED6EE /* InviteFriendsViewController.swift */ = {isa = PBXFileReference; fileEncoding = 4; lastKnownFileType = sourcecode.swift; name = InviteFriendsViewController.swift; path = Sapristi/InviteFriendsViewController.swift; sourceTree = "<group>"; };
		02B3B25B19D53880006ED6EE /* InviteTableViewCell.swift */ = {isa = PBXFileReference; fileEncoding = 4; lastKnownFileType = sourcecode.swift; name = InviteTableViewCell.swift; path = Sapristi/InviteTableViewCell.swift; sourceTree = "<group>"; };
		02B3B25C19D53880006ED6EE /* MobileNumberViewController.swift */ = {isa = PBXFileReference; fileEncoding = 4; lastKnownFileType = sourcecode.swift; name = MobileNumberViewController.swift; path = Sapristi/MobileNumberViewController.swift; sourceTree = "<group>"; };
		02B3B25D19D53880006ED6EE /* Sapristi-Bridging-Header.h */ = {isa = PBXFileReference; fileEncoding = 4; lastKnownFileType = sourcecode.c.h; name = "Sapristi-Bridging-Header.h"; path = "../Sapristi-Bridging-Header.h"; sourceTree = "<group>"; };
		02B3B25F19D53880006ED6EE /* SapristiModel 2.xcdatamodel */ = {isa = PBXFileReference; lastKnownFileType = wrapper.xcdatamodel; path = "SapristiModel 2.xcdatamodel"; sourceTree = "<group>"; };
		02B3B26019D53880006ED6EE /* SapristiModel.xcdatamodel */ = {isa = PBXFileReference; lastKnownFileType = wrapper.xcdatamodel; path = SapristiModel.xcdatamodel; sourceTree = "<group>"; };
		02B3B26119D53880006ED6EE /* SettingsViewController.swift */ = {isa = PBXFileReference; fileEncoding = 4; lastKnownFileType = sourcecode.swift; name = SettingsViewController.swift; path = Sapristi/SettingsViewController.swift; sourceTree = "<group>"; };
		02B3B26719D53880006ED6EE /* StringJS.swift */ = {isa = PBXFileReference; fileEncoding = 4; lastKnownFileType = sourcecode.swift; name = StringJS.swift; path = Sapristi/StringJS.swift; sourceTree = "<group>"; };
		02B3B26819D53880006ED6EE /* SwiftyJSON.swift */ = {isa = PBXFileReference; fileEncoding = 4; lastKnownFileType = sourcecode.swift; name = SwiftyJSON.swift; path = Sapristi/SwiftyJSON.swift; sourceTree = "<group>"; };
		02B4EA1119F769990048A2B6 /* FriendModel.swift */ = {isa = PBXFileReference; fileEncoding = 4; lastKnownFileType = sourcecode.swift; path = FriendModel.swift; sourceTree = "<group>"; };
		02B4EA1319F85A510048A2B6 /* AvailabilityManager.swift */ = {isa = PBXFileReference; fileEncoding = 4; lastKnownFileType = sourcecode.swift; path = AvailabilityManager.swift; sourceTree = "<group>"; };
		02B4EA1619F88DF60048A2B6 /* NotificationViewController.swift */ = {isa = PBXFileReference; fileEncoding = 4; lastKnownFileType = sourcecode.swift; path = NotificationViewController.swift; sourceTree = "<group>"; };
		02BF762619D664FC007E6A04 /* DatePickerCell.swift */ = {isa = PBXFileReference; fileEncoding = 4; lastKnownFileType = sourcecode.swift; path = DatePickerCell.swift; sourceTree = "<group>"; };
		02BF762819D918FC007E6A04 /* DateSettingsViewController.swift */ = {isa = PBXFileReference; fileEncoding = 4; lastKnownFileType = sourcecode.swift; name = DateSettingsViewController.swift; path = Sapristi/DateSettingsViewController.swift; sourceTree = "<group>"; };
		02BF762A19DB07AC007E6A04 /* CalendarManager.swift */ = {isa = PBXFileReference; fileEncoding = 4; lastKnownFileType = sourcecode.swift; path = CalendarManager.swift; sourceTree = "<group>"; };
		02CFCB5D19E5128900EDA122 /* ConfigManager.swift */ = {isa = PBXFileReference; fileEncoding = 4; lastKnownFileType = sourcecode.swift; path = ConfigManager.swift; sourceTree = "<group>"; };
		02CFCB5F19E5174000EDA122 /* CarMotionViewController.swift */ = {isa = PBXFileReference; fileEncoding = 4; lastKnownFileType = sourcecode.swift; path = CarMotionViewController.swift; sourceTree = "<group>"; };
		02D048AF19E9A1630040720F /* SKMotionDetector.swift */ = {isa = PBXFileReference; fileEncoding = 4; lastKnownFileType = sourcecode.swift; path = SKMotionDetector.swift; sourceTree = "<group>"; };
		02D496F819FE009200E0B938 /* Timeslot.swift */ = {isa = PBXFileReference; fileEncoding = 4; lastKnownFileType = sourcecode.swift; path = Timeslot.swift; sourceTree = "<group>"; };
		02D496FA19FF561000E0B938 /* SplunkMint-iOS.framework */ = {isa = PBXFileReference; lastKnownFileType = wrapper.framework; name = "SplunkMint-iOS.framework"; path = "../SplunkMint-iOS.framework"; sourceTree = "<group>"; };
		02D496FC19FF563000E0B938 /* SystemConfiguration.framework */ = {isa = PBXFileReference; lastKnownFileType = wrapper.framework; name = SystemConfiguration.framework; path = System/Library/Frameworks/SystemConfiguration.framework; sourceTree = SDKROOT; };
		02D496FE19FF563900E0B938 /* CoreTelephony.framework */ = {isa = PBXFileReference; lastKnownFileType = wrapper.framework; name = CoreTelephony.framework; path = System/Library/Frameworks/CoreTelephony.framework; sourceTree = SDKROOT; };
		02D4970019FF564000E0B938 /* libz.dylib */ = {isa = PBXFileReference; lastKnownFileType = "compiled.mach-o.dylib"; name = libz.dylib; path = usr/lib/libz.dylib; sourceTree = SDKROOT; };
		02D4970219FF59B400E0B938 /* SplunkMint-iOS-Bridging-Header.h */ = {isa = PBXFileReference; lastKnownFileType = sourcecode.c.h; name = "SplunkMint-iOS-Bridging-Header.h"; path = "../SplunkMint-iOS-Bridging-Header.h"; sourceTree = "<group>"; };
/* End PBXFileReference section */

/* Begin PBXFrameworksBuildPhase section */
		0245659019C34A1D006F34D3 /* Frameworks */ = {
			isa = PBXFrameworksBuildPhase;
			buildActionMask = 2147483647;
			files = (
				02D4970119FF564000E0B938 /* libz.dylib in Frameworks */,
				02D496FF19FF563900E0B938 /* CoreTelephony.framework in Frameworks */,
				02D496FD19FF563000E0B938 /* SystemConfiguration.framework in Frameworks */,
				02D496FB19FF561000E0B938 /* SplunkMint-iOS.framework in Frameworks */,
			);
			runOnlyForDeploymentPostprocessing = 0;
		};
		024565A419C34A1D006F34D3 /* Frameworks */ = {
			isa = PBXFrameworksBuildPhase;
			buildActionMask = 2147483647;
			files = (
			);
			runOnlyForDeploymentPostprocessing = 0;
		};
/* End PBXFrameworksBuildPhase section */

/* Begin PBXGroup section */
		0237179A19DD0B7500A44A2B /* Settings */ = {
			isa = PBXGroup;
			children = (
				02B3B25C19D53880006ED6EE /* MobileNumberViewController.swift */,
				02B3B23A19D53865006ED6EE /* ConfirmationCodeViewController.swift */,
				02B3B22719D53865006ED6EE /* AccessContactsViewController.swift */,
				02B4EA1619F88DF60048A2B6 /* NotificationViewController.swift */,
				02CFCB5F19E5174000EDA122 /* CarMotionViewController.swift */,
				0237179B19DD0D2F00A44A2B /* AccessCalendarViewController.swift */,
				02BF762819D918FC007E6A04 /* DateSettingsViewController.swift */,
				02B3B26119D53880006ED6EE /* SettingsViewController.swift */,
				0237179819DD05E700A44A2B /* SyncContactsViewController.swift */,
			);
			name = Settings;
			sourceTree = "<group>";
		};
		0245658A19C34A1D006F34D3 = {
			isa = PBXGroup;
			children = (
				02B3B22319D5383E006ED6EE /* Sapristi */,
				025EF8C119C6A188008D30C6 /* Media.xcassets */,
				024565AA19C34A1D006F34D3 /* SapristiTests */,
				0245659419C34A1D006F34D3 /* Products */,
			);
			sourceTree = "<group>";
		};
		0245659419C34A1D006F34D3 /* Products */ = {
			isa = PBXGroup;
			children = (
				0245659319C34A1D006F34D3 /* Sapristi.app */,
				024565A719C34A1D006F34D3 /* SapristiTests.xctest */,
			);
			name = Products;
			sourceTree = "<group>";
		};
		024565AA19C34A1D006F34D3 /* SapristiTests */ = {
			isa = PBXGroup;
			children = (
				024565AD19C34A1D006F34D3 /* SapristiTests.swift */,
				024565AB19C34A1D006F34D3 /* Supporting Files */,
			);
			path = SapristiTests;
			sourceTree = "<group>";
		};
		024565AB19C34A1D006F34D3 /* Supporting Files */ = {
			isa = PBXGroup;
			children = (
				024565AC19C34A1D006F34D3 /* Info.plist */,
			);
			name = "Supporting Files";
			sourceTree = "<group>";
		};
		0255DFC119FADD01008C80BB /* Third Party */ = {
			isa = PBXGroup;
			children = (
				02D4970219FF59B400E0B938 /* SplunkMint-iOS-Bridging-Header.h */,
				02D4970019FF564000E0B938 /* libz.dylib */,
				02D496FE19FF563900E0B938 /* CoreTelephony.framework */,
				02D496FC19FF563000E0B938 /* SystemConfiguration.framework */,
				02D496FA19FF561000E0B938 /* SplunkMint-iOS.framework */,
				0255DFD719FADDAC008C80BB /* Alamofire */,
				0255DFD019FADD7E008C80BB /* AddressBook */,
			);
			name = "Third Party";
			sourceTree = "<group>";
		};
		0255DFD019FADD7E008C80BB /* AddressBook */ = {
			isa = PBXGroup;
			children = (
				0255DFD619FADD99008C80BB /* APAddressBook-Bridging.h */,
				0255DFC519FADD7E008C80BB /* APAddress.h */,
				0255DFC619FADD7E008C80BB /* APAddress.m */,
				0255DFC719FADD7E008C80BB /* APAddressBook.h */,
				0255DFC819FADD7E008C80BB /* APAddressBook.m */,
				0255DFC919FADD7E008C80BB /* APContact.h */,
				0255DFCA19FADD7E008C80BB /* APContact.m */,
				0255DFCB19FADD7E008C80BB /* APPhoneWithLabel.h */,
				0255DFCC19FADD7E008C80BB /* APPhoneWithLabel.m */,
				0255DFCD19FADD7E008C80BB /* APSocialProfile.h */,
				0255DFCE19FADD7E008C80BB /* APSocialProfile.m */,
				0255DFCF19FADD7E008C80BB /* APTypes.h */,
			);
			name = AddressBook;
			path = Pods/APAddressBook;
			sourceTree = "<group>";
		};
		0255DFD719FADDAC008C80BB /* Alamofire */ = {
			isa = PBXGroup;
			children = (
				0255DFC219FADD3E008C80BB /* Alamofire.h */,
				0255DFC319FADD3E008C80BB /* Alamofire.swift */,
			);
			name = Alamofire;
			sourceTree = "<group>";
		};
		02B3B22319D5383E006ED6EE /* Sapristi */ = {
			isa = PBXGroup;
			children = (
				0255DFC119FADD01008C80BB /* Third Party */,
				02B3B27619D5390F006ED6EE /* Controllers */,
				02B3B27519D53905006ED6EE /* Models */,
				02B3B23419D53865006ED6EE /* Base.lproj */,
				02B3B27419D538A6006ED6EE /* Helpers */,
				02B3B23319D53865006ED6EE /* AppDelegate.swift */,
			);
			name = Sapristi;
			sourceTree = "<group>";
		};
		02B3B23419D53865006ED6EE /* Base.lproj */ = {
			isa = PBXGroup;
			children = (
				0252A25019EC18A100450126 /* Info.plist */,
				02B3B25D19D53880006ED6EE /* Sapristi-Bridging-Header.h */,
				02B3B23519D53865006ED6EE /* #Main.storyboard# */,
				02B3B22519D53855006ED6EE /* LaunchScreen.storyboard */,
				02B3B23719D53865006ED6EE /* Main.storyboard */,
			);
			name = Base.lproj;
			path = Sapristi/Base.lproj;
			sourceTree = "<group>";
		};
		02B3B27419D538A6006ED6EE /* Helpers */ = {
			isa = PBXGroup;
			children = (
				02D496F819FE009200E0B938 /* Timeslot.swift */,
				0252A25719ED75AC00450126 /* Availability.swift */,
				02B4EA1319F85A510048A2B6 /* AvailabilityManager.swift */,
				02CFCB5D19E5128900EDA122 /* ConfigManager.swift */,
				02B3B23E19D53865006ED6EE /* FriendLocalDatabase.swift */,
				02B3B24019D53865006ED6EE /* HTTPController.swift */,
				021D7F0519E6CF9C00555E0B /* PhoneController.swift */,
				02BF762A19DB07AC007E6A04 /* CalendarManager.swift */,
				02D048AF19E9A1630040720F /* SKMotionDetector.swift */,
				02B3B23919D53865006ED6EE /* CarManager.swift */,
				02B3B26719D53880006ED6EE /* StringJS.swift */,
				02B3B26819D53880006ED6EE /* SwiftyJSON.swift */,
				021D7F0719E6D6C400555E0B /* AddressBookManager.swift */,
				02BF762619D664FC007E6A04 /* DatePickerCell.swift */,
				02B3B25B19D53880006ED6EE /* InviteTableViewCell.swift */,
				02B3B23F19D53865006ED6EE /* FriendsCell.swift */,
			);
			name = Helpers;
			sourceTree = "<group>";
		};
		02B3B27519D53905006ED6EE /* Models */ = {
			isa = PBXGroup;
			children = (
				02B3B23B19D53865006ED6EE /* Contact.swift */,
				02B3B25E19D53880006ED6EE /* SapristiModel.xcdatamodeld */,
				02B4EA1119F769990048A2B6 /* FriendModel.swift */,
			);
			name = Models;
			sourceTree = "<group>";
		};
		02B3B27619D5390F006ED6EE /* Controllers */ = {
			isa = PBXGroup;
			children = (
				0237179A19DD0B7500A44A2B /* Settings */,
				02B3B25919D53880006ED6EE /* InitialViewController.swift */,
				02B3B23219D53865006ED6EE /* AllFriendsViewController.swift */,
				021D7EFD19E69ED300555E0B /* FavoriteFriendsViewController.swift */,
				02B3B23D19D53865006ED6EE /* FriendDetailViewController.swift */,
				02B3B25A19D53880006ED6EE /* InviteFriendsViewController.swift */,
			);
			name = Controllers;
			sourceTree = "<group>";
		};
/* End PBXGroup section */

/* Begin PBXNativeTarget section */
		0245659219C34A1D006F34D3 /* Sapristi */ = {
			isa = PBXNativeTarget;
			buildConfigurationList = 024565B119C34A1D006F34D3 /* Build configuration list for PBXNativeTarget "Sapristi" */;
			buildPhases = (
				0245658F19C34A1D006F34D3 /* Sources */,
				0245659019C34A1D006F34D3 /* Frameworks */,
				0245659119C34A1D006F34D3 /* Resources */,
				022C139919CA4A7F00A9DB55 /* Embed Frameworks */,
				02B4EA0F19F5E1490048A2B6 /* Copy Frameworks */,
			);
			buildRules = (
			);
			dependencies = (
			);
			name = Sapristi;
			productName = Sapristi;
			productReference = 0245659319C34A1D006F34D3 /* Sapristi.app */;
			productType = "com.apple.product-type.application";
		};
		024565A619C34A1D006F34D3 /* SapristiTests */ = {
			isa = PBXNativeTarget;
			buildConfigurationList = 024565B419C34A1D006F34D3 /* Build configuration list for PBXNativeTarget "SapristiTests" */;
			buildPhases = (
				024565A319C34A1D006F34D3 /* Sources */,
				024565A419C34A1D006F34D3 /* Frameworks */,
				024565A519C34A1D006F34D3 /* Resources */,
			);
			buildRules = (
			);
			dependencies = (
				024565A919C34A1D006F34D3 /* PBXTargetDependency */,
			);
			name = SapristiTests;
			productName = SapristiTests;
			productReference = 024565A719C34A1D006F34D3 /* SapristiTests.xctest */;
			productType = "com.apple.product-type.bundle.unit-test";
		};
/* End PBXNativeTarget section */

/* Begin PBXProject section */
		0245658B19C34A1D006F34D3 /* Project object */ = {
			isa = PBXProject;
			attributes = {
				LastUpgradeCheck = 0600;
				ORGANIZATIONNAME = Sapristi;
				TargetAttributes = {
					0245659219C34A1D006F34D3 = {
						CreatedOnToolsVersion = 6.0;
						DevelopmentTeam = 95Y84YC59A;
						SystemCapabilities = {
							com.apple.BackgroundModes = {
								enabled = 1;
							};
						};
					};
					024565A619C34A1D006F34D3 = {
						CreatedOnToolsVersion = 6.0;
						DevelopmentTeam = 95Y84YC59A;
						TestTargetID = 0245659219C34A1D006F34D3;
					};
				};
			};
			buildConfigurationList = 0245658E19C34A1D006F34D3 /* Build configuration list for PBXProject "Sapristi" */;
			compatibilityVersion = "Xcode 3.2";
			developmentRegion = English;
			hasScannedForEncodings = 0;
			knownRegions = (
				en,
				Base,
			);
			mainGroup = 0245658A19C34A1D006F34D3;
			productRefGroup = 0245659419C34A1D006F34D3 /* Products */;
			projectDirPath = "";
			projectRoot = "";
			targets = (
				0245659219C34A1D006F34D3 /* Sapristi */,
				024565A619C34A1D006F34D3 /* SapristiTests */,
			);
		};
/* End PBXProject section */

/* Begin PBXResourcesBuildPhase section */
		0245659119C34A1D006F34D3 /* Resources */ = {
			isa = PBXResourcesBuildPhase;
			buildActionMask = 2147483647;
			files = (
				024D9EFF19FB1A32008F6525 /* Main.storyboard in Resources */,
				02B3B22619D53855006ED6EE /* LaunchScreen.storyboard in Resources */,
				025EF8C219C6A188008D30C6 /* Media.xcassets in Resources */,
			);
			runOnlyForDeploymentPostprocessing = 0;
		};
		024565A519C34A1D006F34D3 /* Resources */ = {
			isa = PBXResourcesBuildPhase;
			buildActionMask = 2147483647;
			files = (
			);
			runOnlyForDeploymentPostprocessing = 0;
		};
/* End PBXResourcesBuildPhase section */

/* Begin PBXSourcesBuildPhase section */
		0245658F19C34A1D006F34D3 /* Sources */ = {
			isa = PBXSourcesBuildPhase;
			buildActionMask = 2147483647;
			files = (
				02B3B26D19D53880006ED6EE /* MobileNumberViewController.swift in Sources */,
				021D7EFE19E69ED300555E0B /* FavoriteFriendsViewController.swift in Sources */,
				02B3B24A19D53865006ED6EE /* CarManager.swift in Sources */,
				0237179919DD05E700A44A2B /* SyncContactsViewController.swift in Sources */,
				02B3B26B19D53880006ED6EE /* InviteFriendsViewController.swift in Sources */,
				02BF762719D664FC007E6A04 /* DatePickerCell.swift in Sources */,
				0255DFD519FADD7E008C80BB /* APSocialProfile.m in Sources */,
				02CFCB5E19E5128900EDA122 /* ConfigManager.swift in Sources */,
				02B3B26A19D53880006ED6EE /* InitialViewController.swift in Sources */,
				021D7F0819E6D6C400555E0B /* AddressBookManager.swift in Sources */,
				02B3B24619D53865006ED6EE /* AllFriendsViewController.swift in Sources */,
				02B4EA1419F85A510048A2B6 /* AvailabilityManager.swift in Sources */,
				02B3B26F19D53880006ED6EE /* SettingsViewController.swift in Sources */,
				0255DFD419FADD7E008C80BB /* APPhoneWithLabel.m in Sources */,
				02BF762919D918FC007E6A04 /* DateSettingsViewController.swift in Sources */,
				02D048B019E9A1630040720F /* SKMotionDetector.swift in Sources */,
				0255DFC419FADD3E008C80BB /* Alamofire.swift in Sources */,
				02B3B24B19D53865006ED6EE /* ConfirmationCodeViewController.swift in Sources */,
				02D496F919FE009200E0B938 /* Timeslot.swift in Sources */,
				0255DFD219FADD7E008C80BB /* APAddressBook.m in Sources */,
				02B3B27319D53880006ED6EE /* SwiftyJSON.swift in Sources */,
				021D7F0619E6CF9C00555E0B /* PhoneController.swift in Sources */,
				02B3B26C19D53880006ED6EE /* InviteTableViewCell.swift in Sources */,
				0255DFD319FADD7E008C80BB /* APContact.m in Sources */,
				02B3B24C19D53865006ED6EE /* Contact.swift in Sources */,
				02B3B24119D53865006ED6EE /* AccessContactsViewController.swift in Sources */,
				0255DFD119FADD7E008C80BB /* APAddress.m in Sources */,
				0237179C19DD0D2F00A44A2B /* AccessCalendarViewController.swift in Sources */,
				02B3B25019D53865006ED6EE /* FriendsCell.swift in Sources */,
				02B3B24F19D53865006ED6EE /* FriendLocalDatabase.swift in Sources */,
				02B4EA1719F88DF60048A2B6 /* NotificationViewController.swift in Sources */,
				02B3B24719D53865006ED6EE /* AppDelegate.swift in Sources */,
				02B3B26E19D53880006ED6EE /* SapristiModel.xcdatamodeld in Sources */,
				02B4EA1219F769990048A2B6 /* FriendModel.swift in Sources */,
				02B3B27219D53880006ED6EE /* StringJS.swift in Sources */,
				0252A25819ED75AC00450126 /* Availability.swift in Sources */,
				02B3B24E19D53865006ED6EE /* FriendDetailViewController.swift in Sources */,
				02B3B25119D53865006ED6EE /* HTTPController.swift in Sources */,
				02CFCB6019E5174000EDA122 /* CarMotionViewController.swift in Sources */,
				02BF762B19DB07AC007E6A04 /* CalendarManager.swift in Sources */,
			);
			runOnlyForDeploymentPostprocessing = 0;
		};
		024565A319C34A1D006F34D3 /* Sources */ = {
			isa = PBXSourcesBuildPhase;
			buildActionMask = 2147483647;
			files = (
				024565AE19C34A1D006F34D3 /* SapristiTests.swift in Sources */,
			);
			runOnlyForDeploymentPostprocessing = 0;
		};
/* End PBXSourcesBuildPhase section */

/* Begin PBXTargetDependency section */
		024565A919C34A1D006F34D3 /* PBXTargetDependency */ = {
			isa = PBXTargetDependency;
			target = 0245659219C34A1D006F34D3 /* Sapristi */;
			targetProxy = 024565A819C34A1D006F34D3 /* PBXContainerItemProxy */;
		};
/* End PBXTargetDependency section */

/* Begin PBXVariantGroup section */
		0252A25019EC18A100450126 /* Info.plist */ = {
			isa = PBXVariantGroup;
			children = (
				0252A25119EC18A100450126 /* Base */,
			);
			name = Info.plist;
			sourceTree = "<group>";
		};
		02B3B23519D53865006ED6EE /* #Main.storyboard# */ = {
			isa = PBXVariantGroup;
			children = (
				02B3B23619D53865006ED6EE /* Base */,
			);
			name = "#Main.storyboard#";
			sourceTree = "<group>";
		};
		02B3B23719D53865006ED6EE /* Main.storyboard */ = {
			isa = PBXVariantGroup;
			children = (
				02B3B23819D53865006ED6EE /* Base */,
			);
			name = Main.storyboard;
			sourceTree = "<group>";
		};
/* End PBXVariantGroup section */

/* Begin XCBuildConfiguration section */
		024565AF19C34A1D006F34D3 /* Debug */ = {
			isa = XCBuildConfiguration;
			buildSettings = {
				ALWAYS_SEARCH_USER_PATHS = NO;
				CLANG_CXX_LANGUAGE_STANDARD = "gnu++0x";
				CLANG_CXX_LIBRARY = "libc++";
				CLANG_ENABLE_MODULES = YES;
				CLANG_ENABLE_OBJC_ARC = YES;
				CLANG_WARN_BOOL_CONVERSION = YES;
				CLANG_WARN_CONSTANT_CONVERSION = YES;
				CLANG_WARN_DIRECT_OBJC_ISA_USAGE = YES_ERROR;
				CLANG_WARN_EMPTY_BODY = YES;
				CLANG_WARN_ENUM_CONVERSION = YES;
				CLANG_WARN_INT_CONVERSION = YES;
				CLANG_WARN_OBJC_ROOT_CLASS = YES_ERROR;
				CLANG_WARN_UNREACHABLE_CODE = YES;
				CLANG_WARN__DUPLICATE_METHOD_MATCH = YES;
				"CODE_SIGN_IDENTITY[sdk=iphoneos*]" = "iPhone Developer";
				COPY_PHASE_STRIP = NO;
				ENABLE_STRICT_OBJC_MSGSEND = YES;
				GCC_C_LANGUAGE_STANDARD = gnu99;
				GCC_DYNAMIC_NO_PIC = NO;
				GCC_OPTIMIZATION_LEVEL = 0;
				GCC_PREPROCESSOR_DEFINITIONS = (
					"DEBUG=1",
					"$(inherited)",
				);
				GCC_SYMBOLS_PRIVATE_EXTERN = NO;
				GCC_WARN_64_TO_32_BIT_CONVERSION = YES;
				GCC_WARN_ABOUT_RETURN_TYPE = YES_ERROR;
				GCC_WARN_UNDECLARED_SELECTOR = YES;
				GCC_WARN_UNINITIALIZED_AUTOS = YES_AGGRESSIVE;
				GCC_WARN_UNUSED_FUNCTION = YES;
				GCC_WARN_UNUSED_VARIABLE = YES;
				IPHONEOS_DEPLOYMENT_TARGET = 8.0;
				MTL_ENABLE_DEBUG_INFO = YES;
				ONLY_ACTIVE_ARCH = YES;
				SDKROOT = iphoneos;
				SWIFT_OPTIMIZATION_LEVEL = "-Onone";
			};
			name = Debug;
		};
		024565B019C34A1D006F34D3 /* Release */ = {
			isa = XCBuildConfiguration;
			buildSettings = {
				ALWAYS_SEARCH_USER_PATHS = NO;
				CLANG_CXX_LANGUAGE_STANDARD = "gnu++0x";
				CLANG_CXX_LIBRARY = "libc++";
				CLANG_ENABLE_MODULES = YES;
				CLANG_ENABLE_OBJC_ARC = YES;
				CLANG_WARN_BOOL_CONVERSION = YES;
				CLANG_WARN_CONSTANT_CONVERSION = YES;
				CLANG_WARN_DIRECT_OBJC_ISA_USAGE = YES_ERROR;
				CLANG_WARN_EMPTY_BODY = YES;
				CLANG_WARN_ENUM_CONVERSION = YES;
				CLANG_WARN_INT_CONVERSION = YES;
				CLANG_WARN_OBJC_ROOT_CLASS = YES_ERROR;
				CLANG_WARN_UNREACHABLE_CODE = YES;
				CLANG_WARN__DUPLICATE_METHOD_MATCH = YES;
				"CODE_SIGN_IDENTITY[sdk=iphoneos*]" = "iPhone Developer";
				COPY_PHASE_STRIP = YES;
				ENABLE_NS_ASSERTIONS = NO;
				ENABLE_STRICT_OBJC_MSGSEND = YES;
				GCC_C_LANGUAGE_STANDARD = gnu99;
				GCC_WARN_64_TO_32_BIT_CONVERSION = YES;
				GCC_WARN_ABOUT_RETURN_TYPE = YES_ERROR;
				GCC_WARN_UNDECLARED_SELECTOR = YES;
				GCC_WARN_UNINITIALIZED_AUTOS = YES_AGGRESSIVE;
				GCC_WARN_UNUSED_FUNCTION = YES;
				GCC_WARN_UNUSED_VARIABLE = YES;
				IPHONEOS_DEPLOYMENT_TARGET = 8.0;
				MTL_ENABLE_DEBUG_INFO = NO;
				SDKROOT = iphoneos;
				VALIDATE_PRODUCT = YES;
			};
			name = Release;
		};
		024565B219C34A1D006F34D3 /* Debug */ = {
			isa = XCBuildConfiguration;
			buildSettings = {
				ASSETCATALOG_COMPILER_APPICON_NAME = AppIcon;
				ASSETCATALOG_COMPILER_LAUNCHIMAGE_NAME = LaunchImage;
				CLANG_ENABLE_MODULES = YES;
				CODE_SIGN_IDENTITY = "iPhone Developer";
				"CODE_SIGN_IDENTITY[sdk=iphoneos*]" = "iPhone Developer";
				FRAMEWORK_SEARCH_PATHS = (
					"$(inherited)",
					/Users/skasriel/Dropbox/Sapristi/iOS,
				);
				INFOPLIST_FILE = Sapristi/Info.plist;
				IPHONEOS_DEPLOYMENT_TARGET = 8.1;
				LD_RUNPATH_SEARCH_PATHS = "$(inherited) @executable_path/Frameworks";
				"OTHER_LDFLAGS[arch=*]" = (
					"-ObjC",
					"-all_load",
				);
				PRODUCT_NAME = "$(TARGET_NAME)";
				PROVISIONING_PROFILE = "";
				SWIFT_OBJC_BRIDGING_HEADER = "Sapristi/Sapristi-Bridging-Header.h";
				SWIFT_OPTIMIZATION_LEVEL = "-Onone";
				TARGETED_DEVICE_FAMILY = 1;
			};
			name = Debug;
		};
		024565B319C34A1D006F34D3 /* Release */ = {
			isa = XCBuildConfiguration;
			buildSettings = {
				ASSETCATALOG_COMPILER_APPICON_NAME = AppIcon;
				ASSETCATALOG_COMPILER_LAUNCHIMAGE_NAME = LaunchImage;
				CLANG_ENABLE_MODULES = YES;
				CODE_SIGN_IDENTITY = "iPhone Developer";
				"CODE_SIGN_IDENTITY[sdk=iphoneos*]" = "iPhone Developer";
				COPY_PHASE_STRIP = NO;
				FRAMEWORK_SEARCH_PATHS = (
					"$(inherited)",
					/Users/skasriel/Dropbox/Sapristi/iOS,
				);
				GCC_OPTIMIZATION_LEVEL = 0;
				GCC_SYMBOLS_PRIVATE_EXTERN = NO;
				INFOPLIST_FILE = Sapristi/Info.plist;
				IPHONEOS_DEPLOYMENT_TARGET = 8.1;
				LD_RUNPATH_SEARCH_PATHS = "$(inherited) @executable_path/Frameworks";
				"OTHER_LDFLAGS[arch=*]" = (
					"-ObjC",
					"-all_load",
				);
				PRODUCT_NAME = "$(TARGET_NAME)";
				PROVISIONING_PROFILE = "";
				SWIFT_OBJC_BRIDGING_HEADER = "Sapristi/Sapristi-Bridging-Header.h";
				SWIFT_OPTIMIZATION_LEVEL = "-Onone";
				TARGETED_DEVICE_FAMILY = 1;
			};
			name = Release;
		};
		024565B519C34A1D006F34D3 /* Debug */ = {
			isa = XCBuildConfiguration;
			buildSettings = {
				BUNDLE_LOADER = "$(TEST_HOST)";
				CODE_SIGN_IDENTITY = "iPhone Developer";
				"CODE_SIGN_IDENTITY[sdk=iphoneos*]" = "iPhone Developer";
				FRAMEWORK_SEARCH_PATHS = (
					"$(SDKROOT)/Developer/Library/Frameworks",
					"$(inherited)",
				);
				GCC_PREPROCESSOR_DEFINITIONS = (
					"DEBUG=1",
					"$(inherited)",
				);
				INFOPLIST_FILE = SapristiTests/Info.plist;
				LD_RUNPATH_SEARCH_PATHS = "$(inherited) @executable_path/Frameworks @loader_path/Frameworks";
				PRODUCT_NAME = "$(TARGET_NAME)";
				PROVISIONING_PROFILE = "";
				TEST_HOST = "$(BUILT_PRODUCTS_DIR)/Sapristi.app/Sapristi";
			};
			name = Debug;
		};
		024565B619C34A1D006F34D3 /* Release */ = {
			isa = XCBuildConfiguration;
			buildSettings = {
				BUNDLE_LOADER = "$(TEST_HOST)";
				CODE_SIGN_IDENTITY = "iPhone Developer";
				"CODE_SIGN_IDENTITY[sdk=iphoneos*]" = "iPhone Developer";
				FRAMEWORK_SEARCH_PATHS = (
					"$(SDKROOT)/Developer/Library/Frameworks",
					"$(inherited)",
				);
				INFOPLIST_FILE = SapristiTests/Info.plist;
				LD_RUNPATH_SEARCH_PATHS = "$(inherited) @executable_path/Frameworks @loader_path/Frameworks";
				PRODUCT_NAME = "$(TARGET_NAME)";
				PROVISIONING_PROFILE = "";
				TEST_HOST = "$(BUILT_PRODUCTS_DIR)/Sapristi.app/Sapristi";
			};
			name = Release;
		};
/* End XCBuildConfiguration section */

/* Begin XCConfigurationList section */
		0245658E19C34A1D006F34D3 /* Build configuration list for PBXProject "Sapristi" */ = {
			isa = XCConfigurationList;
			buildConfigurations = (
				024565AF19C34A1D006F34D3 /* Debug */,
				024565B019C34A1D006F34D3 /* Release */,
			);
			defaultConfigurationIsVisible = 0;
			defaultConfigurationName = Release;
		};
		024565B119C34A1D006F34D3 /* Build configuration list for PBXNativeTarget "Sapristi" */ = {
			isa = XCConfigurationList;
			buildConfigurations = (
				024565B219C34A1D006F34D3 /* Debug */,
				024565B319C34A1D006F34D3 /* Release */,
			);
			defaultConfigurationIsVisible = 0;
			defaultConfigurationName = Release;
		};
		024565B419C34A1D006F34D3 /* Build configuration list for PBXNativeTarget "SapristiTests" */ = {
			isa = XCConfigurationList;
			buildConfigurations = (
				024565B519C34A1D006F34D3 /* Debug */,
				024565B619C34A1D006F34D3 /* Release */,
			);
			defaultConfigurationIsVisible = 0;
			defaultConfigurationName = Release;
		};
/* End XCConfigurationList section */

/* Begin XCVersionGroup section */
		02B3B25E19D53880006ED6EE /* SapristiModel.xcdatamodeld */ = {
			isa = XCVersionGroup;
			children = (
				02B3B25F19D53880006ED6EE /* SapristiModel 2.xcdatamodel */,
				02B3B26019D53880006ED6EE /* SapristiModel.xcdatamodel */,
			);
			currentVersion = 02B3B25F19D53880006ED6EE /* SapristiModel 2.xcdatamodel */;
			name = SapristiModel.xcdatamodeld;
			path = Sapristi/SapristiModel.xcdatamodeld;
			sourceTree = "<group>";
			versionGroupType = wrapper.xcdatamodel;
		};
/* End XCVersionGroup section */
	};
	rootObject = 0245658B19C34A1D006F34D3 /* Project object */;
}
